
Microsoft Visual Studio Solution File, Format Version 12.00
# Visual Studio 14
VisualStudioVersion = 14.0.24720.0
MinimumVisualStudioVersion = 10.0.40219.1
Project("{FAE04EC0-301F-11D3-BF4B-00C04F79EFBC}") = "LatencyTest", "LatencyTest\LatencyTest.csproj", "{1FFE515A-70C6-4790-8537-6DA1CCC91D86}"
EndProject
Project("{FAE04EC0-301F-11D3-BF4B-00C04F79EFBC}") = "ConsumerTest", "ConsumerTest\ConsumerTest.csproj", "{A0BEF6C6-1B40-4AEC-9FF4-9F1C656D1314}"
EndProject
Project("{FAE04EC0-301F-11D3-BF4B-00C04F79EFBC}") = "ProducerTest", "ProducerTest\ProducerTest.csproj", "{A8F60669-8AA0-4810-AA2E-6DF99AFB6FFB}"
EndProject
Global
	GlobalSection(SolutionConfigurationPlatforms) = preSolution
		Debug|Any CPU = Debug|Any CPU
		Debug|x64 = Debug|x64
		Debug|x86 = Debug|x86
		Release|Any CPU = Release|Any CPU
		Release|x64 = Release|x64
		Release|x86 = Release|x86
	EndGlobalSection
	GlobalSection(ProjectConfigurationPlatforms) = postSolution
		{1FFE515A-70C6-4790-8537-6DA1CCC91D86}.Debug|Any CPU.ActiveCfg = Debug|Any CPU
		{1FFE515A-70C6-4790-8537-6DA1CCC91D86}.Debug|Any CPU.Build.0 = Debug|Any CPU
		{1FFE515A-70C6-4790-8537-6DA1CCC91D86}.Debug|x64.ActiveCfg = Debug|x64
		{1FFE515A-70C6-4790-8537-6DA1CCC91D86}.Debug|x64.Build.0 = Debug|x64
		{1FFE515A-70C6-4790-8537-6DA1CCC91D86}.Debug|x86.ActiveCfg = Debug|x86
		{1FFE515A-70C6-4790-8537-6DA1CCC91D86}.Debug|x86.Build.0 = Debug|x86
		{1FFE515A-70C6-4790-8537-6DA1CCC91D86}.Release|Any CPU.ActiveCfg = Release|Any CPU
		{1FFE515A-70C6-4790-8537-6DA1CCC91D86}.Release|Any CPU.Build.0 = Release|Any CPU
		{1FFE515A-70C6-4790-8537-6DA1CCC91D86}.Release|x64.ActiveCfg = Release|x64
		{1FFE515A-70C6-4790-8537-6DA1CCC91D86}.Release|x64.Build.0 = Release|x64
		{1FFE515A-70C6-4790-8537-6DA1CCC91D86}.Release|x86.ActiveCfg = Release|x86
		{1FFE515A-70C6-4790-8537-6DA1CCC91D86}.Release|x86.Build.0 = Release|x86
		{A0BEF6C6-1B40-4AEC-9FF4-9F1C656D1314}.Debug|Any CPU.ActiveCfg = Debug|Any CPU
		{A0BEF6C6-1B40-4AEC-9FF4-9F1C656D1314}.Debug|Any CPU.Build.0 = Debug|Any CPU
		{A0BEF6C6-1B40-4AEC-9FF4-9F1C656D1314}.Debug|x64.ActiveCfg = Debug|Any CPU
		{A0BEF6C6-1B40-4AEC-9FF4-9F1C656D1314}.Debug|x64.Build.0 = Debug|Any CPU
		{A0BEF6C6-1B40-4AEC-9FF4-9F1C656D1314}.Debug|x86.ActiveCfg = Debug|Any CPU
		{A0BEF6C6-1B40-4AEC-9FF4-9F1C656D1314}.Debug|x86.Build.0 = Debug|Any CPU
		{A0BEF6C6-1B40-4AEC-9FF4-9F1C656D1314}.Release|Any CPU.ActiveCfg = Release|Any CPU
		{A0BEF6C6-1B40-4AEC-9FF4-9F1C656D1314}.Release|Any CPU.Build.0 = Release|Any CPU
		{A0BEF6C6-1B40-4AEC-9FF4-9F1C656D1314}.Release|x64.ActiveCfg = Release|Any CPU
		{A0BEF6C6-1B40-4AEC-9FF4-9F1C656D1314}.Release|x64.Build.0 = Release|Any CPU
		{A0BEF6C6-1B40-4AEC-9FF4-9F1C656D1314}.Release|x86.ActiveCfg = Release|Any CPU
		{A0BEF6C6-1B40-4AEC-9FF4-9F1C656D1314}.Release|x86.Build.0 = Release|Any CPU
		{A8F60669-8AA0-4810-AA2E-6DF99AFB6FFB}.Debug|Any CPU.ActiveCfg = Debug|Any CPU
		{A8F60669-8AA0-4810-AA2E-6DF99AFB6FFB}.Debug|Any CPU.Build.0 = Debug|Any CPU
		{A8F60669-8AA0-4810-AA2E-6DF99AFB6FFB}.Debug|x64.ActiveCfg = Debug|Any CPU
		{A8F60669-8AA0-4810-AA2E-6DF99AFB6FFB}.Debug|x64.Build.0 = Debug|Any CPU
		{A8F60669-8AA0-4810-AA2E-6DF99AFB6FFB}.Debug|x86.ActiveCfg = Debug|Any CPU
		{A8F60669-8AA0-4810-AA2E-6DF99AFB6FFB}.Debug|x86.Build.0 = Debug|Any CPU
		{A8F60669-8AA0-4810-AA2E-6DF99AFB6FFB}.Release|Any CPU.ActiveCfg = Release|Any CPU
		{A8F60669-8AA0-4810-AA2E-6DF99AFB6FFB}.Release|Any CPU.Build.0 = Release|Any CPU
		{A8F60669-8AA0-4810-AA2E-6DF99AFB6FFB}.Release|x64.ActiveCfg = Release|Any CPU
		{A8F60669-8AA0-4810-AA2E-6DF99AFB6FFB}.Release|x64.Build.0 = Release|Any CPU
		{A8F60669-8AA0-4810-AA2E-6DF99AFB6FFB}.Release|x86.ActiveCfg = Release|Any CPU
		{A8F60669-8AA0-4810-AA2E-6DF99AFB6FFB}.Release|x86.Build.0 = Release|Any CPU
	EndGlobalSection
	GlobalSection(SolutionProperties) = preSolution
		HideSolutionNode = FALSE
	EndGlobalSection
EndGlobal
